// !$*UTF8*$!
{
	archiveVersion = 1;
	classes = {
	};
	objectVersion = 52;
	objects = {

/* Begin PBXBuildFile section */
		F34764CA276647D800CE1499 /* LoginView.swift in Sources */ = {isa = PBXBuildFile; fileRef = F34764C9276647D800CE1499 /* LoginView.swift */; };
		F367088227653BD10030D58F /* GoogleService-Info.plist in Resources */ = {isa = PBXBuildFile; fileRef = F367088127653BD10030D58F /* GoogleService-Info.plist */; };
		F367088627653EDD0030D58F /* FirebaseAppDistribution-Beta in Frameworks */ = {isa = PBXBuildFile; productRef = F367088527653EDD0030D58F /* FirebaseAppDistribution-Beta */; };
		F367088827653EDD0030D58F /* FirebaseInAppMessaging-Beta in Frameworks */ = {isa = PBXBuildFile; productRef = F367088727653EDD0030D58F /* FirebaseInAppMessaging-Beta */; };
		F367088A27653EDD0030D58F /* FirebaseAnalyticsSwift-Beta in Frameworks */ = {isa = PBXBuildFile; productRef = F367088927653EDD0030D58F /* FirebaseAnalyticsSwift-Beta */; };
		F367088C27653EDD0030D58F /* FirebaseAnalyticsWithoutAdIdSupport in Frameworks */ = {isa = PBXBuildFile; productRef = F367088B27653EDD0030D58F /* FirebaseAnalyticsWithoutAdIdSupport */; };
		F367088E27653EDD0030D58F /* FirebaseFirestore in Frameworks */ = {isa = PBXBuildFile; productRef = F367088D27653EDD0030D58F /* FirebaseFirestore */; };
		F367089027653EDD0030D58F /* FirebaseAuthCombine-Community in Frameworks */ = {isa = PBXBuildFile; productRef = F367088F27653EDD0030D58F /* FirebaseAuthCombine-Community */; };
		F367089227653EDD0030D58F /* FirebaseInstallations in Frameworks */ = {isa = PBXBuildFile; productRef = F367089127653EDD0030D58F /* FirebaseInstallations */; };
		F367089427653EDD0030D58F /* FirebaseFunctionsCombine-Community in Frameworks */ = {isa = PBXBuildFile; productRef = F367089327653EDD0030D58F /* FirebaseFunctionsCombine-Community */; };
		F367089627653EDD0030D58F /* FirebaseFirestoreSwift-Beta in Frameworks */ = {isa = PBXBuildFile; productRef = F367089527653EDD0030D58F /* FirebaseFirestoreSwift-Beta */; };
		F367089827653EDD0030D58F /* FirebaseAnalytics in Frameworks */ = {isa = PBXBuildFile; productRef = F367089727653EDD0030D58F /* FirebaseAnalytics */; };
		F367089A27653EDD0030D58F /* FirebaseDatabase in Frameworks */ = {isa = PBXBuildFile; productRef = F367089927653EDD0030D58F /* FirebaseDatabase */; };
		F367089C27653EDD0030D58F /* FirebasePerformance in Frameworks */ = {isa = PBXBuildFile; productRef = F367089B27653EDD0030D58F /* FirebasePerformance */; };
		F367089E27653EDD0030D58F /* FirebaseRemoteConfig in Frameworks */ = {isa = PBXBuildFile; productRef = F367089D27653EDD0030D58F /* FirebaseRemoteConfig */; };
		F36708A027653EDD0030D58F /* FirebaseAppCheck in Frameworks */ = {isa = PBXBuildFile; productRef = F367089F27653EDD0030D58F /* FirebaseAppCheck */; };
		F36708A227653EDD0030D58F /* FirebaseStorageCombine-Community in Frameworks */ = {isa = PBXBuildFile; productRef = F36708A127653EDD0030D58F /* FirebaseStorageCombine-Community */; };
		F36708A427653EDD0030D58F /* FirebaseAuth in Frameworks */ = {isa = PBXBuildFile; productRef = F36708A327653EDD0030D58F /* FirebaseAuth */; };
		F36708A627653EDD0030D58F /* FirebaseInAppMessagingSwift-Beta in Frameworks */ = {isa = PBXBuildFile; productRef = F36708A527653EDD0030D58F /* FirebaseInAppMessagingSwift-Beta */; };
		F36708A827653EDD0030D58F /* FirebaseDatabaseSwift-Beta in Frameworks */ = {isa = PBXBuildFile; productRef = F36708A727653EDD0030D58F /* FirebaseDatabaseSwift-Beta */; };
		F36708AA27653EDD0030D58F /* FirebaseStorageSwift-Beta in Frameworks */ = {isa = PBXBuildFile; productRef = F36708A927653EDD0030D58F /* FirebaseStorageSwift-Beta */; };
		F36708AC27653EDD0030D58F /* FirebaseMLModelDownloader in Frameworks */ = {isa = PBXBuildFile; productRef = F36708AB27653EDD0030D58F /* FirebaseMLModelDownloader */; };
		F36708AE27653EDD0030D58F /* FirebaseCrashlytics in Frameworks */ = {isa = PBXBuildFile; productRef = F36708AD27653EDD0030D58F /* FirebaseCrashlytics */; };
		F36708B027653EDD0030D58F /* FirebaseMessaging in Frameworks */ = {isa = PBXBuildFile; productRef = F36708AF27653EDD0030D58F /* FirebaseMessaging */; };
		F36708B227653EDD0030D58F /* FirebaseStorage in Frameworks */ = {isa = PBXBuildFile; productRef = F36708B127653EDD0030D58F /* FirebaseStorage */; };
		F36708B427653EDD0030D58F /* FirebaseDynamicLinks in Frameworks */ = {isa = PBXBuildFile; productRef = F36708B327653EDD0030D58F /* FirebaseDynamicLinks */; };
		F36708B627653EDD0030D58F /* FirebaseFunctions in Frameworks */ = {isa = PBXBuildFile; productRef = F36708B527653EDD0030D58F /* FirebaseFunctions */; };
		F36708B827653EDD0030D58F /* FirebaseFirestoreCombine-Community in Frameworks */ = {isa = PBXBuildFile; productRef = F36708B727653EDD0030D58F /* FirebaseFirestoreCombine-Community */; };
		F3672B592767DCE800D14BB9 /* DatabaseViewModel.swift in Sources */ = {isa = PBXBuildFile; fileRef = F3672B582767DCE800D14BB9 /* DatabaseViewModel.swift */; };
		F3672B5D276819EC00D14BB9 /* ShowDiaryEntry.swift in Sources */ = {isa = PBXBuildFile; fileRef = F3672B5C276819EC00D14BB9 /* ShowDiaryEntry.swift */; };
		F3672B642768369E00D14BB9 /* ShowCalanderView.swift in Sources */ = {isa = PBXBuildFile; fileRef = F3672B632768369E00D14BB9 /* ShowCalanderView.swift */; };
		F3672B67276837F800D14BB9 /* DataBaseViewModelForCalander.swift in Sources */ = {isa = PBXBuildFile; fileRef = F3672B66276837F800D14BB9 /* DataBaseViewModelForCalander.swift */; };
		F3672B6A27683D5700D14BB9 /* ShowDiaryEntryForCalander.swift in Sources */ = {isa = PBXBuildFile; fileRef = F3672B6927683D5700D14BB9 /* ShowDiaryEntryForCalander.swift */; };
		F367855F276612F3004117CA /* DiaryEntry.swift in Sources */ = {isa = PBXBuildFile; fileRef = F367855E276612F3004117CA /* DiaryEntry.swift */; };
		F367856B2766288B004117CA /* DiaryEntryView.swift in Sources */ = {isa = PBXBuildFile; fileRef = F367856A2766288B004117CA /* DiaryEntryView.swift */; };
		F37D195F27679250001DA7E8 /* SwitchView.swift in Sources */ = {isa = PBXBuildFile; fileRef = F37D195E27679250001DA7E8 /* SwitchView.swift */; };
		F37D196327679C6C001DA7E8 /* AppViewModel.swift in Sources */ = {isa = PBXBuildFile; fileRef = F37D196227679C6C001DA7E8 /* AppViewModel.swift */; };
		F37D19662767B2E4001DA7E8 /* SignInView.swift in Sources */ = {isa = PBXBuildFile; fileRef = F37D19652767B2E4001DA7E8 /* SignInView.swift */; };
		F37D19692767B55B001DA7E8 /* SignUpView.swift in Sources */ = {isa = PBXBuildFile; fileRef = F37D19682767B55B001DA7E8 /* SignUpView.swift */; };
		F38EC99D2763E89700974274 /* DiaryAppApp.swift in Sources */ = {isa = PBXBuildFile; fileRef = F38EC99C2763E89700974274 /* DiaryAppApp.swift */; };
		F38EC99F2763E89700974274 /* ContentView.swift in Sources */ = {isa = PBXBuildFile; fileRef = F38EC99E2763E89700974274 /* ContentView.swift */; };
		F38EC9A12763E8A000974274 /* Assets.xcassets in Resources */ = {isa = PBXBuildFile; fileRef = F38EC9A02763E8A000974274 /* Assets.xcassets */; };
		F38EC9A42763E8A000974274 /* Preview Assets.xcassets in Resources */ = {isa = PBXBuildFile; fileRef = F38EC9A32763E8A000974274 /* Preview Assets.xcassets */; };
/* End PBXBuildFile section */

/* Begin PBXFileReference section */
		F34764C9276647D800CE1499 /* LoginView.swift */ = {isa = PBXFileReference; lastKnownFileType = sourcecode.swift; path = LoginView.swift; sourceTree = "<group>"; };
		F367088127653BD10030D58F /* GoogleService-Info.plist */ = {isa = PBXFileReference; fileEncoding = 4; lastKnownFileType = text.plist.xml; path = "GoogleService-Info.plist"; sourceTree = "<group>"; };
		F3672B582767DCE800D14BB9 /* DatabaseViewModel.swift */ = {isa = PBXFileReference; lastKnownFileType = sourcecode.swift; path = DatabaseViewModel.swift; sourceTree = "<group>"; };
		F3672B5C276819EC00D14BB9 /* ShowDiaryEntry.swift */ = {isa = PBXFileReference; lastKnownFileType = sourcecode.swift; path = ShowDiaryEntry.swift; sourceTree = "<group>"; };
		F3672B632768369E00D14BB9 /* ShowCalanderView.swift */ = {isa = PBXFileReference; lastKnownFileType = sourcecode.swift; path = ShowCalanderView.swift; sourceTree = "<group>"; };
		F3672B66276837F800D14BB9 /* DataBaseViewModelForCalander.swift */ = {isa = PBXFileReference; lastKnownFileType = sourcecode.swift; path = DataBaseViewModelForCalander.swift; sourceTree = "<group>"; };
		F3672B6927683D5700D14BB9 /* ShowDiaryEntryForCalander.swift */ = {isa = PBXFileReference; lastKnownFileType = sourcecode.swift; path = ShowDiaryEntryForCalander.swift; sourceTree = "<group>"; };
		F367855E276612F3004117CA /* DiaryEntry.swift */ = {isa = PBXFileReference; lastKnownFileType = sourcecode.swift; path = DiaryEntry.swift; sourceTree = "<group>"; };
		F367856A2766288B004117CA /* DiaryEntryView.swift */ = {isa = PBXFileReference; lastKnownFileType = sourcecode.swift; path = DiaryEntryView.swift; sourceTree = "<group>"; };
		F37D195E27679250001DA7E8 /* SwitchView.swift */ = {isa = PBXFileReference; lastKnownFileType = sourcecode.swift; path = SwitchView.swift; sourceTree = "<group>"; };
		F37D196227679C6C001DA7E8 /* AppViewModel.swift */ = {isa = PBXFileReference; lastKnownFileType = sourcecode.swift; path = AppViewModel.swift; sourceTree = "<group>"; };
		F37D19652767B2E4001DA7E8 /* SignInView.swift */ = {isa = PBXFileReference; lastKnownFileType = sourcecode.swift; path = SignInView.swift; sourceTree = "<group>"; };
		F37D19682767B55B001DA7E8 /* SignUpView.swift */ = {isa = PBXFileReference; lastKnownFileType = sourcecode.swift; path = SignUpView.swift; sourceTree = "<group>"; };
		F38EC9992763E89700974274 /* DiaryApp.app */ = {isa = PBXFileReference; explicitFileType = wrapper.application; includeInIndex = 0; path = DiaryApp.app; sourceTree = BUILT_PRODUCTS_DIR; };
		F38EC99C2763E89700974274 /* DiaryAppApp.swift */ = {isa = PBXFileReference; lastKnownFileType = sourcecode.swift; path = DiaryAppApp.swift; sourceTree = "<group>"; };
		F38EC99E2763E89700974274 /* ContentView.swift */ = {isa = PBXFileReference; lastKnownFileType = sourcecode.swift; path = ContentView.swift; sourceTree = "<group>"; };
		F38EC9A02763E8A000974274 /* Assets.xcassets */ = {isa = PBXFileReference; lastKnownFileType = folder.assetcatalog; path = Assets.xcassets; sourceTree = "<group>"; };
		F38EC9A32763E8A000974274 /* Preview Assets.xcassets */ = {isa = PBXFileReference; lastKnownFileType = folder.assetcatalog; path = "Preview Assets.xcassets"; sourceTree = "<group>"; };
		F38EC9A52763E8A000974274 /* Info.plist */ = {isa = PBXFileReference; lastKnownFileType = text.plist.xml; path = Info.plist; sourceTree = "<group>"; };
/* End PBXFileReference section */

/* Begin PBXFrameworksBuildPhase section */
		F38EC9962763E89700974274 /* Frameworks */ = {
			isa = PBXFrameworksBuildPhase;
			buildActionMask = 2147483647;
			files = (
				F367088A27653EDD0030D58F /* FirebaseAnalyticsSwift-Beta in Frameworks */,
				F36708AA27653EDD0030D58F /* FirebaseStorageSwift-Beta in Frameworks */,
				F36708A627653EDD0030D58F /* FirebaseInAppMessagingSwift-Beta in Frameworks */,
				F36708AE27653EDD0030D58F /* FirebaseCrashlytics in Frameworks */,
				F367089227653EDD0030D58F /* FirebaseInstallations in Frameworks */,
				F367089C27653EDD0030D58F /* FirebasePerformance in Frameworks */,
				F367089027653EDD0030D58F /* FirebaseAuthCombine-Community in Frameworks */,
				F36708A027653EDD0030D58F /* FirebaseAppCheck in Frameworks */,
				F36708AC27653EDD0030D58F /* FirebaseMLModelDownloader in Frameworks */,
				F36708A827653EDD0030D58F /* FirebaseDatabaseSwift-Beta in Frameworks */,
				F367088627653EDD0030D58F /* FirebaseAppDistribution-Beta in Frameworks */,
				F36708B427653EDD0030D58F /* FirebaseDynamicLinks in Frameworks */,
				F36708B227653EDD0030D58F /* FirebaseStorage in Frameworks */,
				F36708B827653EDD0030D58F /* FirebaseFirestoreCombine-Community in Frameworks */,
				F367088827653EDD0030D58F /* FirebaseInAppMessaging-Beta in Frameworks */,
				F36708A227653EDD0030D58F /* FirebaseStorageCombine-Community in Frameworks */,
				F367088E27653EDD0030D58F /* FirebaseFirestore in Frameworks */,
				F367089627653EDD0030D58F /* FirebaseFirestoreSwift-Beta in Frameworks */,
				F36708B627653EDD0030D58F /* FirebaseFunctions in Frameworks */,
				F367088C27653EDD0030D58F /* FirebaseAnalyticsWithoutAdIdSupport in Frameworks */,
				F367089A27653EDD0030D58F /* FirebaseDatabase in Frameworks */,
				F367089E27653EDD0030D58F /* FirebaseRemoteConfig in Frameworks */,
				F367089827653EDD0030D58F /* FirebaseAnalytics in Frameworks */,
				F367089427653EDD0030D58F /* FirebaseFunctionsCombine-Community in Frameworks */,
				F36708B027653EDD0030D58F /* FirebaseMessaging in Frameworks */,
				F36708A427653EDD0030D58F /* FirebaseAuth in Frameworks */,
			);
			runOnlyForDeploymentPostprocessing = 0;
		};
/* End PBXFrameworksBuildPhase section */

/* Begin PBXGroup section */
		F333A4D62764F3DE0040854B /* views */ = {
			isa = PBXGroup;
			children = (
				F38EC99E2763E89700974274 /* ContentView.swift */,
				F367856A2766288B004117CA /* DiaryEntryView.swift */,
				F34764C9276647D800CE1499 /* LoginView.swift */,
				F37D19652767B2E4001DA7E8 /* SignInView.swift */,
				F37D19682767B55B001DA7E8 /* SignUpView.swift */,
				F3672B5C276819EC00D14BB9 /* ShowDiaryEntry.swift */,
				F3672B632768369E00D14BB9 /* ShowCalanderView.swift */,
				F3672B6927683D5700D14BB9 /* ShowDiaryEntryForCalander.swift */,
			);
			path = views;
			sourceTree = "<group>";
		};
		F333A4D72764F3FC0040854B /* models */ = {
			isa = PBXGroup;
			children = (
				F367855E276612F3004117CA /* DiaryEntry.swift */,
			);
			path = models;
			sourceTree = "<group>";
		};
		F3672B572767DBF500D14BB9 /* ViewModels */ = {
			isa = PBXGroup;
			children = (
				F37D196227679C6C001DA7E8 /* AppViewModel.swift */,
				F3672B582767DCE800D14BB9 /* DatabaseViewModel.swift */,
				F3672B66276837F800D14BB9 /* DataBaseViewModelForCalander.swift */,
			);
			path = ViewModels;
			sourceTree = "<group>";
		};
		F38EC9902763E89700974274 = {
			isa = PBXGroup;
			children = (
				F38EC99B2763E89700974274 /* DiaryApp */,
				F38EC99A2763E89700974274 /* Products */,
			);
			sourceTree = "<group>";
		};
		F38EC99A2763E89700974274 /* Products */ = {
			isa = PBXGroup;
			children = (
				F38EC9992763E89700974274 /* DiaryApp.app */,
			);
			name = Products;
			sourceTree = "<group>";
		};
		F38EC99B2763E89700974274 /* DiaryApp */ = {
			isa = PBXGroup;
			children = (
				F38EC99C2763E89700974274 /* DiaryAppApp.swift */,
				F37D195E27679250001DA7E8 /* SwitchView.swift */,
				F333A4D62764F3DE0040854B /* views */,
				F38EC9A52763E8A000974274 /* Info.plist */,
				F38EC9A02763E8A000974274 /* Assets.xcassets */,
				F367088127653BD10030D58F /* GoogleService-Info.plist */,
				F333A4D72764F3FC0040854B /* models */,
				F3672B572767DBF500D14BB9 /* ViewModels */,
				F38EC9A22763E8A000974274 /* Preview Content */,
			);
			path = DiaryApp;
			sourceTree = "<group>";
		};
		F38EC9A22763E8A000974274 /* Preview Content */ = {
			isa = PBXGroup;
			children = (
				F38EC9A32763E8A000974274 /* Preview Assets.xcassets */,
			);
			path = "Preview Content";
			sourceTree = "<group>";
		};
/* End PBXGroup section */

/* Begin PBXNativeTarget section */
		F38EC9982763E89700974274 /* DiaryApp */ = {
			isa = PBXNativeTarget;
			buildConfigurationList = F38EC9A82763E8A000974274 /* Build configuration list for PBXNativeTarget "DiaryApp" */;
			buildPhases = (
				F38EC9952763E89700974274 /* Sources */,
				F38EC9962763E89700974274 /* Frameworks */,
				F38EC9972763E89700974274 /* Resources */,
			);
			buildRules = (
			);
			dependencies = (
			);
			name = DiaryApp;
			packageProductDependencies = (
				F367088527653EDD0030D58F /* FirebaseAppDistribution-Beta */,
				F367088727653EDD0030D58F /* FirebaseInAppMessaging-Beta */,
				F367088927653EDD0030D58F /* FirebaseAnalyticsSwift-Beta */,
				F367088B27653EDD0030D58F /* FirebaseAnalyticsWithoutAdIdSupport */,
				F367088D27653EDD0030D58F /* FirebaseFirestore */,
				F367088F27653EDD0030D58F /* FirebaseAuthCombine-Community */,
				F367089127653EDD0030D58F /* FirebaseInstallations */,
				F367089327653EDD0030D58F /* FirebaseFunctionsCombine-Community */,
				F367089527653EDD0030D58F /* FirebaseFirestoreSwift-Beta */,
				F367089727653EDD0030D58F /* FirebaseAnalytics */,
				F367089927653EDD0030D58F /* FirebaseDatabase */,
				F367089B27653EDD0030D58F /* FirebasePerformance */,
				F367089D27653EDD0030D58F /* FirebaseRemoteConfig */,
				F367089F27653EDD0030D58F /* FirebaseAppCheck */,
				F36708A127653EDD0030D58F /* FirebaseStorageCombine-Community */,
				F36708A327653EDD0030D58F /* FirebaseAuth */,
				F36708A527653EDD0030D58F /* FirebaseInAppMessagingSwift-Beta */,
				F36708A727653EDD0030D58F /* FirebaseDatabaseSwift-Beta */,
				F36708A927653EDD0030D58F /* FirebaseStorageSwift-Beta */,
				F36708AB27653EDD0030D58F /* FirebaseMLModelDownloader */,
				F36708AD27653EDD0030D58F /* FirebaseCrashlytics */,
				F36708AF27653EDD0030D58F /* FirebaseMessaging */,
				F36708B127653EDD0030D58F /* FirebaseStorage */,
				F36708B327653EDD0030D58F /* FirebaseDynamicLinks */,
				F36708B527653EDD0030D58F /* FirebaseFunctions */,
				F36708B727653EDD0030D58F /* FirebaseFirestoreCombine-Community */,
			);
			productName = DiaryApp;
			productReference = F38EC9992763E89700974274 /* DiaryApp.app */;
			productType = "com.apple.product-type.application";
		};
/* End PBXNativeTarget section */

/* Begin PBXProject section */
		F38EC9912763E89700974274 /* Project object */ = {
			isa = PBXProject;
			attributes = {
				LastSwiftUpdateCheck = 1240;
				LastUpgradeCheck = 1240;
				TargetAttributes = {
					F38EC9982763E89700974274 = {
						CreatedOnToolsVersion = 12.4;
					};
				};
			};
			buildConfigurationList = F38EC9942763E89700974274 /* Build configuration list for PBXProject "DiaryApp" */;
			compatibilityVersion = "Xcode 9.3";
			developmentRegion = en;
			hasScannedForEncodings = 0;
			knownRegions = (
				en,
				Base,
			);
			mainGroup = F38EC9902763E89700974274;
			packageReferences = (
				F367088427653EDD0030D58F /* XCRemoteSwiftPackageReference "firebase-ios-sdk" */,
			);
			productRefGroup = F38EC99A2763E89700974274 /* Products */;
			projectDirPath = "";
			projectRoot = "";
			targets = (
				F38EC9982763E89700974274 /* DiaryApp */,
			);
		};
/* End PBXProject section */

/* Begin PBXResourcesBuildPhase section */
		F38EC9972763E89700974274 /* Resources */ = {
			isa = PBXResourcesBuildPhase;
			buildActionMask = 2147483647;
			files = (
				F38EC9A42763E8A000974274 /* Preview Assets.xcassets in Resources */,
				F38EC9A12763E8A000974274 /* Assets.xcassets in Resources */,
				F367088227653BD10030D58F /* GoogleService-Info.plist in Resources */,
			);
			runOnlyForDeploymentPostprocessing = 0;
		};
/* End PBXResourcesBuildPhase section */

/* Begin PBXSourcesBuildPhase section */
		F38EC9952763E89700974274 /* Sources */ = {
			isa = PBXSourcesBuildPhase;
			buildActionMask = 2147483647;
			files = (
				F38EC99F2763E89700974274 /* ContentView.swift in Sources */,
				F3672B592767DCE800D14BB9 /* DatabaseViewModel.swift in Sources */,
				F3672B67276837F800D14BB9 /* DataBaseViewModelForCalander.swift in Sources */,
				F367856B2766288B004117CA /* DiaryEntryView.swift in Sources */,
				F37D196327679C6C001DA7E8 /* AppViewModel.swift in Sources */,
				F3672B6A27683D5700D14BB9 /* ShowDiaryEntryForCalander.swift in Sources */,
				F37D195F27679250001DA7E8 /* SwitchView.swift in Sources */,
				F367855F276612F3004117CA /* DiaryEntry.swift in Sources */,
				F34764CA276647D800CE1499 /* LoginView.swift in Sources */,
				F3672B642768369E00D14BB9 /* ShowCalanderView.swift in Sources */,
				F37D19662767B2E4001DA7E8 /* SignInView.swift in Sources */,
				F3672B5D276819EC00D14BB9 /* ShowDiaryEntry.swift in Sources */,
				F37D19692767B55B001DA7E8 /* SignUpView.swift in Sources */,
				F38EC99D2763E89700974274 /* DiaryAppApp.swift in Sources */,
			);
			runOnlyForDeploymentPostprocessing = 0;
		};
/* End PBXSourcesBuildPhase section */

/* Begin XCBuildConfiguration section */
		F38EC9A62763E8A000974274 /* Debug */ = {
			isa = XCBuildConfiguration;
			buildSettings = {
				ALWAYS_SEARCH_USER_PATHS = NO;
				CLANG_ANALYZER_NONNULL = YES;
				CLANG_ANALYZER_NUMBER_OBJECT_CONVERSION = YES_AGGRESSIVE;
				CLANG_CXX_LANGUAGE_STANDARD = "gnu++14";
				CLANG_CXX_LIBRARY = "libc++";
				CLANG_ENABLE_MODULES = YES;
				CLANG_ENABLE_OBJC_ARC = YES;
				CLANG_ENABLE_OBJC_WEAK = YES;
				CLANG_WARN_BLOCK_CAPTURE_AUTORELEASING = YES;
				CLANG_WARN_BOOL_CONVERSION = YES;
				CLANG_WARN_COMMA = YES;
				CLANG_WARN_CONSTANT_CONVERSION = YES;
				CLANG_WARN_DEPRECATED_OBJC_IMPLEMENTATIONS = YES;
				CLANG_WARN_DIRECT_OBJC_ISA_USAGE = YES_ERROR;
				CLANG_WARN_DOCUMENTATION_COMMENTS = YES;
				CLANG_WARN_EMPTY_BODY = YES;
				CLANG_WARN_ENUM_CONVERSION = YES;
				CLANG_WARN_INFINITE_RECURSION = YES;
				CLANG_WARN_INT_CONVERSION = YES;
				CLANG_WARN_NON_LITERAL_NULL_CONVERSION = YES;
				CLANG_WARN_OBJC_IMPLICIT_RETAIN_SELF = YES;
				CLANG_WARN_OBJC_LITERAL_CONVERSION = YES;
				CLANG_WARN_OBJC_ROOT_CLASS = YES_ERROR;
				CLANG_WARN_QUOTED_INCLUDE_IN_FRAMEWORK_HEADER = YES;
				CLANG_WARN_RANGE_LOOP_ANALYSIS = YES;
				CLANG_WARN_STRICT_PROTOTYPES = YES;
				CLANG_WARN_SUSPICIOUS_MOVE = YES;
				CLANG_WARN_UNGUARDED_AVAILABILITY = YES_AGGRESSIVE;
				CLANG_WARN_UNREACHABLE_CODE = YES;
				CLANG_WARN__DUPLICATE_METHOD_MATCH = YES;
				COPY_PHASE_STRIP = NO;
				DEBUG_INFORMATION_FORMAT = dwarf;
				ENABLE_STRICT_OBJC_MSGSEND = YES;
				ENABLE_TESTABILITY = YES;
				GCC_C_LANGUAGE_STANDARD = gnu11;
				GCC_DYNAMIC_NO_PIC = NO;
				GCC_NO_COMMON_BLOCKS = YES;
				GCC_OPTIMIZATION_LEVEL = 0;
				GCC_PREPROCESSOR_DEFINITIONS = (
					"DEBUG=1",
					"$(inherited)",
				);
				GCC_WARN_64_TO_32_BIT_CONVERSION = YES;
				GCC_WARN_ABOUT_RETURN_TYPE = YES_ERROR;
				GCC_WARN_UNDECLARED_SELECTOR = YES;
				GCC_WARN_UNINITIALIZED_AUTOS = YES_AGGRESSIVE;
				GCC_WARN_UNUSED_FUNCTION = YES;
				GCC_WARN_UNUSED_VARIABLE = YES;
				IPHONEOS_DEPLOYMENT_TARGET = 14.4;
				MTL_ENABLE_DEBUG_INFO = INCLUDE_SOURCE;
				MTL_FAST_MATH = YES;
				ONLY_ACTIVE_ARCH = YES;
				SDKROOT = iphoneos;
				SWIFT_ACTIVE_COMPILATION_CONDITIONS = DEBUG;
				SWIFT_OPTIMIZATION_LEVEL = "-Onone";
			};
			name = Debug;
		};
		F38EC9A72763E8A000974274 /* Release */ = {
			isa = XCBuildConfiguration;
			buildSettings = {
				ALWAYS_SEARCH_USER_PATHS = NO;
				CLANG_ANALYZER_NONNULL = YES;
				CLANG_ANALYZER_NUMBER_OBJECT_CONVERSION = YES_AGGRESSIVE;
				CLANG_CXX_LANGUAGE_STANDARD = "gnu++14";
				CLANG_CXX_LIBRARY = "libc++";
				CLANG_ENABLE_MODULES = YES;
				CLANG_ENABLE_OBJC_ARC = YES;
				CLANG_ENABLE_OBJC_WEAK = YES;
				CLANG_WARN_BLOCK_CAPTURE_AUTORELEASING = YES;
				CLANG_WARN_BOOL_CONVERSION = YES;
				CLANG_WARN_COMMA = YES;
				CLANG_WARN_CONSTANT_CONVERSION = YES;
				CLANG_WARN_DEPRECATED_OBJC_IMPLEMENTATIONS = YES;
				CLANG_WARN_DIRECT_OBJC_ISA_USAGE = YES_ERROR;
				CLANG_WARN_DOCUMENTATION_COMMENTS = YES;
				CLANG_WARN_EMPTY_BODY = YES;
				CLANG_WARN_ENUM_CONVERSION = YES;
				CLANG_WARN_INFINITE_RECURSION = YES;
				CLANG_WARN_INT_CONVERSION = YES;
				CLANG_WARN_NON_LITERAL_NULL_CONVERSION = YES;
				CLANG_WARN_OBJC_IMPLICIT_RETAIN_SELF = YES;
				CLANG_WARN_OBJC_LITERAL_CONVERSION = YES;
				CLANG_WARN_OBJC_ROOT_CLASS = YES_ERROR;
				CLANG_WARN_QUOTED_INCLUDE_IN_FRAMEWORK_HEADER = YES;
				CLANG_WARN_RANGE_LOOP_ANALYSIS = YES;
				CLANG_WARN_STRICT_PROTOTYPES = YES;
				CLANG_WARN_SUSPICIOUS_MOVE = YES;
				CLANG_WARN_UNGUARDED_AVAILABILITY = YES_AGGRESSIVE;
				CLANG_WARN_UNREACHABLE_CODE = YES;
				CLANG_WARN__DUPLICATE_METHOD_MATCH = YES;
				COPY_PHASE_STRIP = NO;
				DEBUG_INFORMATION_FORMAT = "dwarf-with-dsym";
				ENABLE_NS_ASSERTIONS = NO;
				ENABLE_STRICT_OBJC_MSGSEND = YES;
				GCC_C_LANGUAGE_STANDARD = gnu11;
				GCC_NO_COMMON_BLOCKS = YES;
				GCC_WARN_64_TO_32_BIT_CONVERSION = YES;
				GCC_WARN_ABOUT_RETURN_TYPE = YES_ERROR;
				GCC_WARN_UNDECLARED_SELECTOR = YES;
				GCC_WARN_UNINITIALIZED_AUTOS = YES_AGGRESSIVE;
				GCC_WARN_UNUSED_FUNCTION = YES;
				GCC_WARN_UNUSED_VARIABLE = YES;
				IPHONEOS_DEPLOYMENT_TARGET = 14.4;
				MTL_ENABLE_DEBUG_INFO = NO;
				MTL_FAST_MATH = YES;
				SDKROOT = iphoneos;
				SWIFT_COMPILATION_MODE = wholemodule;
				SWIFT_OPTIMIZATION_LEVEL = "-O";
				VALIDATE_PRODUCT = YES;
			};
			name = Release;
		};
		F38EC9A92763E8A000974274 /* Debug */ = {
			isa = XCBuildConfiguration;
			buildSettings = {
				ASSETCATALOG_COMPILER_APPICON_NAME = AppIcon;
				ASSETCATALOG_COMPILER_GLOBAL_ACCENT_COLOR_NAME = AccentColor;
				CODE_SIGN_STYLE = Automatic;
				DEVELOPMENT_ASSET_PATHS = "\"DiaryApp/Preview Content\"";
				ENABLE_PREVIEWS = YES;
				INFOPLIST_FILE = DiaryApp/Info.plist;
				IPHONEOS_DEPLOYMENT_TARGET = 14.0;
				LD_RUNPATH_SEARCH_PATHS = (
					"$(inherited)",
					"@executable_path/Frameworks",
				);
				PRODUCT_BUNDLE_IDENTIFIER = Doggy.DiaryApp;
				PRODUCT_NAME = "$(TARGET_NAME)";
				SWIFT_VERSION = 5.0;
				TARGETED_DEVICE_FAMILY = "1,2";
			};
			name = Debug;
		};
		F38EC9AA2763E8A000974274 /* Release */ = {
			isa = XCBuildConfiguration;
			buildSettings = {
				ASSETCATALOG_COMPILER_APPICON_NAME = AppIcon;
				ASSETCATALOG_COMPILER_GLOBAL_ACCENT_COLOR_NAME = AccentColor;
				CODE_SIGN_STYLE = Automatic;
				DEVELOPMENT_ASSET_PATHS = "\"DiaryApp/Preview Content\"";
				ENABLE_PREVIEWS = YES;
				INFOPLIST_FILE = DiaryApp/Info.plist;
				IPHONEOS_DEPLOYMENT_TARGET = 14.0;
				LD_RUNPATH_SEARCH_PATHS = (
					"$(inherited)",
					"@executable_path/Frameworks",
				);
				PRODUCT_BUNDLE_IDENTIFIER = Doggy.DiaryApp;
				PRODUCT_NAME = "$(TARGET_NAME)";
				SWIFT_VERSION = 5.0;
				TARGETED_DEVICE_FAMILY = "1,2";
			};
			name = Release;
		};
/* End XCBuildConfiguration section */

/* Begin XCConfigurationList section */
		F38EC9942763E89700974274 /* Build configuration list for PBXProject "DiaryApp" */ = {
			isa = XCConfigurationList;
			buildConfigurations = (
				F38EC9A62763E8A000974274 /* Debug */,
				F38EC9A72763E8A000974274 /* Release */,
			);
			defaultConfigurationIsVisible = 0;
			defaultConfigurationName = Release;
		};
		F38EC9A82763E8A000974274 /* Build configuration list for PBXNativeTarget "DiaryApp" */ = {
			isa = XCConfigurationList;
			buildConfigurations = (
				F38EC9A92763E8A000974274 /* Debug */,
				F38EC9AA2763E8A000974274 /* Release */,
			);
			defaultConfigurationIsVisible = 0;
			defaultConfigurationName = Release;
		};
/* End XCConfigurationList section */

/* Begin XCRemoteSwiftPackageReference section */
		F367088427653EDD0030D58F /* XCRemoteSwiftPackageReference "firebase-ios-sdk" */ = {
			isa = XCRemoteSwiftPackageReference;
			repositoryURL = "https://github.com/firebase/firebase-ios-sdk";
			requirement = {
				kind = upToNextMajorVersion;
				minimumVersion = 8.10.0;
			};
		};
/* End XCRemoteSwiftPackageReference section */

/* Begin XCSwiftPackageProductDependency section */
		F367088527653EDD0030D58F /* FirebaseAppDistribution-Beta */ = {
			isa = XCSwiftPackageProductDependency;
			package = F367088427653EDD0030D58F /* XCRemoteSwiftPackageReference "firebase-ios-sdk" */;
			productName = "FirebaseAppDistribution-Beta";
		};
		F367088727653EDD0030D58F /* FirebaseInAppMessaging-Beta */ = {
			isa = XCSwiftPackageProductDependency;
			package = F367088427653EDD0030D58F /* XCRemoteSwiftPackageReference "firebase-ios-sdk" */;
			productName = "FirebaseInAppMessaging-Beta";
		};
		F367088927653EDD0030D58F /* FirebaseAnalyticsSwift-Beta */ = {
			isa = XCSwiftPackageProductDependency;
			package = F367088427653EDD0030D58F /* XCRemoteSwiftPackageReference "firebase-ios-sdk" */;
			productName = "FirebaseAnalyticsSwift-Beta";
		};
		F367088B27653EDD0030D58F /* FirebaseAnalyticsWithoutAdIdSupport */ = {
			isa = XCSwiftPackageProductDependency;
			package = F367088427653EDD0030D58F /* XCRemoteSwiftPackageReference "firebase-ios-sdk" */;
			productName = FirebaseAnalyticsWithoutAdIdSupport;
		};
		F367088D27653EDD0030D58F /* FirebaseFirestore */ = {
			isa = XCSwiftPackageProductDependency;
			package = F367088427653EDD0030D58F /* XCRemoteSwiftPackageReference "firebase-ios-sdk" */;
			productName = FirebaseFirestore;
		};
		F367088F27653EDD0030D58F /* FirebaseAuthCombine-Community */ = {
			isa = XCSwiftPackageProductDependency;
			package = F367088427653EDD0030D58F /* XCRemoteSwiftPackageReference "firebase-ios-sdk" */;
			productName = "FirebaseAuthCombine-Community";
		};
		F367089127653EDD0030D58F /* FirebaseInstallations */ = {
			isa = XCSwiftPackageProductDependency;
			package = F367088427653EDD0030D58F /* XCRemoteSwiftPackageReference "firebase-ios-sdk" */;
			productName = FirebaseInstallations;
		};
		F367089327653EDD0030D58F /* FirebaseFunctionsCombine-Community */ = {
			isa = XCSwiftPackageProductDependency;
			package = F367088427653EDD0030D58F /* XCRemoteSwiftPackageReference "firebase-ios-sdk" */;
			productName = "FirebaseFunctionsCombine-Community";
		};
		F367089527653EDD0030D58F /* FirebaseFirestoreSwift-Beta */ = {
			isa = XCSwiftPackageProductDependency;
			package = F367088427653EDD0030D58F /* XCRemoteSwiftPackageReference "firebase-ios-sdk" */;
			productName = "FirebaseFirestoreSwift-Beta";
		};
		F367089727653EDD0030D58F /* FirebaseAnalytics */ = {
			isa = XCSwiftPackageProductDependency;
			package = F367088427653EDD0030D58F /* XCRemoteSwiftPackageReference "firebase-ios-sdk" */;
			productName = FirebaseAnalytics;
		};
		F367089927653EDD0030D58F /* FirebaseDatabase */ = {
			isa = XCSwiftPackageProductDependency;
			package = F367088427653EDD0030D58F /* XCRemoteSwiftPackageReference "firebase-ios-sdk" */;
			productName = FirebaseDatabase;
		};
		F367089B27653EDD0030D58F /* FirebasePerformance */ = {
			isa = XCSwiftPackageProductDependency;
			package = F367088427653EDD0030D58F /* XCRemoteSwiftPackageReference "firebase-ios-sdk" */;
			productName = FirebasePerformance;
		};
		F367089D27653EDD0030D58F /* FirebaseRemoteConfig */ = {
			isa = XCSwiftPackageProductDependency;
			package = F367088427653EDD0030D58F /* XCRemoteSwiftPackageReference "firebase-ios-sdk" */;
			productName = FirebaseRemoteConfig;
		};
		F367089F27653EDD0030D58F /* FirebaseAppCheck */ = {
			isa = XCSwiftPackageProductDependency;
			package = F367088427653EDD0030D58F /* XCRemoteSwiftPackageReference "firebase-ios-sdk" */;
			productName = FirebaseAppCheck;
		};
		F36708A127653EDD0030D58F /* FirebaseStorageCombine-Community */ = {
			isa = XCSwiftPackageProductDependency;
			package = F367088427653EDD0030D58F /* XCRemoteSwiftPackageReference "firebase-ios-sdk" */;
			productName = "FirebaseStorageCombine-Community";
		};
		F36708A327653EDD0030D58F /* FirebaseAuth */ = {
			isa = XCSwiftPackageProductDependency;
			package = F367088427653EDD0030D58F /* XCRemoteSwiftPackageReference "firebase-ios-sdk" */;
			productName = FirebaseAuth;
		};
		F36708A527653EDD0030D58F /* FirebaseInAppMessagingSwift-Beta */ = {
			isa = XCSwiftPackageProductDependency;
			package = F367088427653EDD0030D58F /* XCRemoteSwiftPackageReference "firebase-ios-sdk" */;
			productName = "FirebaseInAppMessagingSwift-Beta";
		};
		F36708A727653EDD0030D58F /* FirebaseDatabaseSwift-Beta */ = {
			isa = XCSwiftPackageProductDependency;
			package = F367088427653EDD0030D58F /* XCRemoteSwiftPackageReference "firebase-ios-sdk" */;
			productName = "FirebaseDatabaseSwift-Beta";
		};
		F36708A927653EDD0030D58F /* FirebaseStorageSwift-Beta */ = {
			isa = XCSwiftPackageProductDependency;
			package = F367088427653EDD0030D58F /* XCRemoteSwiftPackageReference "firebase-ios-sdk" */;
			productName = "FirebaseStorageSwift-Beta";
		};
		F36708AB27653EDD0030D58F /* FirebaseMLModelDownloader */ = {
			isa = XCSwiftPackageProductDependency;
			package = F367088427653EDD0030D58F /* XCRemoteSwiftPackageReference "firebase-ios-sdk" */;
			productName = FirebaseMLModelDownloader;
		};
		F36708AD27653EDD0030D58F /* FirebaseCrashlytics */ = {
			isa = XCSwiftPackageProductDependency;
			package = F367088427653EDD0030D58F /* XCRemoteSwiftPackageReference "firebase-ios-sdk" */;
			productName = FirebaseCrashlytics;
		};
		F36708AF27653EDD0030D58F /* FirebaseMessaging */ = {
			isa = XCSwiftPackageProductDependency;
			package = F367088427653EDD0030D58F /* XCRemoteSwiftPackageReference "firebase-ios-sdk" */;
			productName = FirebaseMessaging;
		};
		F36708B127653EDD0030D58F /* FirebaseStorage */ = {
			isa = XCSwiftPackageProductDependency;
			package = F367088427653EDD0030D58F /* XCRemoteSwiftPackageReference "firebase-ios-sdk" */;
			productName = FirebaseStorage;
		};
		F36708B327653EDD0030D58F /* FirebaseDynamicLinks */ = {
			isa = XCSwiftPackageProductDependency;
			package = F367088427653EDD0030D58F /* XCRemoteSwiftPackageReference "firebase-ios-sdk" */;
			productName = FirebaseDynamicLinks;
		};
		F36708B527653EDD0030D58F /* FirebaseFunctions */ = {
			isa = XCSwiftPackageProductDependency;
			package = F367088427653EDD0030D58F /* XCRemoteSwiftPackageReference "firebase-ios-sdk" */;
			productName = FirebaseFunctions;
		};
		F36708B727653EDD0030D58F /* FirebaseFirestoreCombine-Community */ = {
			isa = XCSwiftPackageProductDependency;
			package = F367088427653EDD0030D58F /* XCRemoteSwiftPackageReference "firebase-ios-sdk" */;
			productName = "FirebaseFirestoreCombine-Community";
		};
/* End XCSwiftPackageProductDependency section */
	};
	rootObject = F38EC9912763E89700974274 /* Project object */;
}
